// !$*UTF8*$!
{
	archiveVersion = 1;
	classes = {
	};
	objectVersion = 46;
	objects = {

/* Begin PBXBuildFile section */
		6B03FB5C1AE723FB00F38CDE /* main.m in Sources */ = {isa = PBXBuildFile; fileRef = 6B03FB5B1AE723FB00F38CDE /* main.m */; };
		6B03FB5F1AE723FB00F38CDE /* AppDelegate.m in Sources */ = {isa = PBXBuildFile; fileRef = 6B03FB5E1AE723FB00F38CDE /* AppDelegate.m */; };
		6B03FB621AE723FB00F38CDE /* BNAMainViewController.m in Sources */ = {isa = PBXBuildFile; fileRef = 6B03FB611AE723FB00F38CDE /* BNAMainViewController.m */; };
		6B03FB651AE723FB00F38CDE /* Main.storyboard in Resources */ = {isa = PBXBuildFile; fileRef = 6B03FB631AE723FB00F38CDE /* Main.storyboard */; };
		6B03FB671AE723FB00F38CDE /* Images.xcassets in Resources */ = {isa = PBXBuildFile; fileRef = 6B03FB661AE723FB00F38CDE /* Images.xcassets */; };
		6B03FB6A1AE723FB00F38CDE /* LaunchScreen.xib in Resources */ = {isa = PBXBuildFile; fileRef = 6B03FB681AE723FB00F38CDE /* LaunchScreen.xib */; };
		6B03FB761AE723FC00F38CDE /* ButtonNumberAppTests.m in Sources */ = {isa = PBXBuildFile; fileRef = 6B03FB751AE723FC00F38CDE /* ButtonNumberAppTests.m */; };
		6BAA21F81AEB321B006A8789 /* KeypadViewController.m in Sources */ = {isa = PBXBuildFile; fileRef = 6BAA21F71AEB321B006A8789 /* KeypadViewController.m */; };
		6BD192BC1AECCEB60047AC0A /* BNAPickerViewController.m in Sources */ = {isa = PBXBuildFile; fileRef = 6BD192BB1AECCEB60047AC0A /* BNAPickerViewController.m */; };
/* End PBXBuildFile section */

/* Begin PBXContainerItemProxy section */
		6B03FB701AE723FB00F38CDE /* PBXContainerItemProxy */ = {
			isa = PBXContainerItemProxy;
			containerPortal = 6B03FB4E1AE723FB00F38CDE /* Project object */;
			proxyType = 1;
			remoteGlobalIDString = 6B03FB551AE723FB00F38CDE;
			remoteInfo = ButtonNumberApp;
		};
/* End PBXContainerItemProxy section */

/* Begin PBXFileReference section */
		6B03FB561AE723FB00F38CDE /* ButtonNumberApp.app */ = {isa = PBXFileReference; explicitFileType = wrapper.application; includeInIndex = 0; path = ButtonNumberApp.app; sourceTree = BUILT_PRODUCTS_DIR; };
		6B03FB5A1AE723FB00F38CDE /* Info.plist */ = {isa = PBXFileReference; lastKnownFileType = text.plist.xml; path = Info.plist; sourceTree = "<group>"; };
		6B03FB5B1AE723FB00F38CDE /* main.m */ = {isa = PBXFileReference; lastKnownFileType = sourcecode.c.objc; path = main.m; sourceTree = "<group>"; };
		6B03FB5D1AE723FB00F38CDE /* AppDelegate.h */ = {isa = PBXFileReference; lastKnownFileType = sourcecode.c.h; path = AppDelegate.h; sourceTree = "<group>"; };
		6B03FB5E1AE723FB00F38CDE /* AppDelegate.m */ = {isa = PBXFileReference; lastKnownFileType = sourcecode.c.objc; path = AppDelegate.m; sourceTree = "<group>"; };
		6B03FB601AE723FB00F38CDE /* BNAMainViewController.h */ = {isa = PBXFileReference; lastKnownFileType = sourcecode.c.h; path = BNAMainViewController.h; sourceTree = "<group>"; };
		6B03FB611AE723FB00F38CDE /* BNAMainViewController.m */ = {isa = PBXFileReference; lastKnownFileType = sourcecode.c.objc; path = BNAMainViewController.m; sourceTree = "<group>"; };
		6B03FB641AE723FB00F38CDE /* Base */ = {isa = PBXFileReference; lastKnownFileType = file.storyboard; name = Base; path = Base.lproj/Main.storyboard; sourceTree = "<group>"; };
		6B03FB661AE723FB00F38CDE /* Images.xcassets */ = {isa = PBXFileReference; lastKnownFileType = folder.assetcatalog; path = Images.xcassets; sourceTree = "<group>"; };
		6B03FB691AE723FB00F38CDE /* Base */ = {isa = PBXFileReference; lastKnownFileType = file.xib; name = Base; path = Base.lproj/LaunchScreen.xib; sourceTree = "<group>"; };
		6B03FB6F1AE723FB00F38CDE /* ButtonNumberAppTests.xctest */ = {isa = PBXFileReference; explicitFileType = wrapper.cfbundle; includeInIndex = 0; path = ButtonNumberAppTests.xctest; sourceTree = BUILT_PRODUCTS_DIR; };
		6B03FB741AE723FB00F38CDE /* Info.plist */ = {isa = PBXFileReference; lastKnownFileType = text.plist.xml; path = Info.plist; sourceTree = "<group>"; };
		6B03FB751AE723FC00F38CDE /* ButtonNumberAppTests.m */ = {isa = PBXFileReference; lastKnownFileType = sourcecode.c.objc; path = ButtonNumberAppTests.m; sourceTree = "<group>"; };
		6BAA21F61AEB321B006A8789 /* KeypadViewController.h */ = {isa = PBXFileReference; fileEncoding = 4; lastKnownFileType = sourcecode.c.h; path = KeypadViewController.h; sourceTree = "<group>"; };
		6BAA21F71AEB321B006A8789 /* KeypadViewController.m */ = {isa = PBXFileReference; fileEncoding = 4; lastKnownFileType = sourcecode.c.objc; path = KeypadViewController.m; sourceTree = "<group>"; };
		6BD192BA1AECCEB60047AC0A /* BNAPickerViewController.h */ = {isa = PBXFileReference; fileEncoding = 4; lastKnownFileType = sourcecode.c.h; path = BNAPickerViewController.h; sourceTree = "<group>"; };
		6BD192BB1AECCEB60047AC0A /* BNAPickerViewController.m */ = {isa = PBXFileReference; fileEncoding = 4; lastKnownFileType = sourcecode.c.objc; path = BNAPickerViewController.m; sourceTree = "<group>"; };
/* End PBXFileReference section */

/* Begin PBXFrameworksBuildPhase section */
		6B03FB531AE723FB00F38CDE /* Frameworks */ = {
			isa = PBXFrameworksBuildPhase;
			buildActionMask = 2147483647;
			files = (
			);
			runOnlyForDeploymentPostprocessing = 0;
		};
		6B03FB6C1AE723FB00F38CDE /* Frameworks */ = {
			isa = PBXFrameworksBuildPhase;
			buildActionMask = 2147483647;
			files = (
			);
			runOnlyForDeploymentPostprocessing = 0;
		};
/* End PBXFrameworksBuildPhase section */

/* Begin PBXGroup section */
		6B03FB4D1AE723FB00F38CDE = {
			isa = PBXGroup;
			children = (
				6B03FB581AE723FB00F38CDE /* ButtonNumberApp */,
				6B03FB721AE723FB00F38CDE /* ButtonNumberAppTests */,
				6B03FB571AE723FB00F38CDE /* Products */,
			);
			sourceTree = "<group>";
		};
		6B03FB571AE723FB00F38CDE /* Products */ = {
			isa = PBXGroup;
			children = (
				6B03FB561AE723FB00F38CDE /* ButtonNumberApp.app */,
				6B03FB6F1AE723FB00F38CDE /* ButtonNumberAppTests.xctest */,
			);
			name = Products;
			sourceTree = "<group>";
		};
		6B03FB581AE723FB00F38CDE /* ButtonNumberApp */ = {
			isa = PBXGroup;
			children = (
				6B03FB5D1AE723FB00F38CDE /* AppDelegate.h */,
				6B03FB5E1AE723FB00F38CDE /* AppDelegate.m */,
				6B03FB601AE723FB00F38CDE /* BNAMainViewController.h */,
				6B03FB611AE723FB00F38CDE /* BNAMainViewController.m */,
				6B03FB631AE723FB00F38CDE /* Main.storyboard */,
				6BAA21F61AEB321B006A8789 /* KeypadViewController.h */,
				6BAA21F71AEB321B006A8789 /* KeypadViewController.m */,
				6BD192BA1AECCEB60047AC0A /* BNAPickerViewController.h */,
				6BD192BB1AECCEB60047AC0A /* BNAPickerViewController.m */,
				6B03FB661AE723FB00F38CDE /* Images.xcassets */,
				6B03FB681AE723FB00F38CDE /* LaunchScreen.xib */,
				6B03FB591AE723FB00F38CDE /* Supporting Files */,
			);
			path = ButtonNumberApp;
			sourceTree = "<group>";
		};
		6B03FB591AE723FB00F38CDE /* Supporting Files */ = {
			isa = PBXGroup;
			children = (
				6B03FB5A1AE723FB00F38CDE /* Info.plist */,
				6B03FB5B1AE723FB00F38CDE /* main.m */,
			);
			name = "Supporting Files";
			sourceTree = "<group>";
		};
		6B03FB721AE723FB00F38CDE /* ButtonNumberAppTests */ = {
			isa = PBXGroup;
			children = (
				6B03FB751AE723FC00F38CDE /* ButtonNumberAppTests.m */,
				6B03FB731AE723FB00F38CDE /* Supporting Files */,
			);
			path = ButtonNumberAppTests;
			sourceTree = "<group>";
		};
		6B03FB731AE723FB00F38CDE /* Supporting Files */ = {
			isa = PBXGroup;
			children = (
				6B03FB741AE723FB00F38CDE /* Info.plist */,
			);
			name = "Supporting Files";
			sourceTree = "<group>";
		};
/* End PBXGroup section */

/* Begin PBXNativeTarget section */
		6B03FB551AE723FB00F38CDE /* ButtonNumberApp */ = {
			isa = PBXNativeTarget;
			buildConfigurationList = 6B03FB791AE723FC00F38CDE /* Build configuration list for PBXNativeTarget "ButtonNumberApp" */;
			buildPhases = (
				6B03FB521AE723FB00F38CDE /* Sources */,
				6B03FB531AE723FB00F38CDE /* Frameworks */,
				6B03FB541AE723FB00F38CDE /* Resources */,
			);
			buildRules = (
			);
			dependencies = (
			);
			name = ButtonNumberApp;
			productName = ButtonNumberApp;
			productReference = 6B03FB561AE723FB00F38CDE /* ButtonNumberApp.app */;
			productType = "com.apple.product-type.application";
		};
		6B03FB6E1AE723FB00F38CDE /* ButtonNumberAppTests */ = {
			isa = PBXNativeTarget;
			buildConfigurationList = 6B03FB7C1AE723FC00F38CDE /* Build configuration list for PBXNativeTarget "ButtonNumberAppTests" */;
			buildPhases = (
				6B03FB6B1AE723FB00F38CDE /* Sources */,
				6B03FB6C1AE723FB00F38CDE /* Frameworks */,
				6B03FB6D1AE723FB00F38CDE /* Resources */,
			);
			buildRules = (
			);
			dependencies = (
				6B03FB711AE723FB00F38CDE /* PBXTargetDependency */,
			);
			name = ButtonNumberAppTests;
			productName = ButtonNumberAppTests;
			productReference = 6B03FB6F1AE723FB00F38CDE /* ButtonNumberAppTests.xctest */;
			productType = "com.apple.product-type.bundle.unit-test";
		};
/* End PBXNativeTarget section */

/* Begin PBXProject section */
		6B03FB4E1AE723FB00F38CDE /* Project object */ = {
			isa = PBXProject;
			attributes = {
				LastUpgradeCheck = 0630;
				ORGANIZATIONNAME = "Dustin Flanary";
				TargetAttributes = {
					6B03FB551AE723FB00F38CDE = {
						CreatedOnToolsVersion = 6.3;
					};
					6B03FB6E1AE723FB00F38CDE = {
						CreatedOnToolsVersion = 6.3;
						TestTargetID = 6B03FB551AE723FB00F38CDE;
					};
				};
			};
			buildConfigurationList = 6B03FB511AE723FB00F38CDE /* Build configuration list for PBXProject "ButtonNumberApp" */;
			compatibilityVersion = "Xcode 3.2";
			developmentRegion = English;
			hasScannedForEncodings = 0;
			knownRegions = (
				en,
				Base,
			);
			mainGroup = 6B03FB4D1AE723FB00F38CDE;
			productRefGroup = 6B03FB571AE723FB00F38CDE /* Products */;
			projectDirPath = "";
			projectRoot = "";
			targets = (
				6B03FB551AE723FB00F38CDE /* ButtonNumberApp */,
				6B03FB6E1AE723FB00F38CDE /* ButtonNumberAppTests */,
			);
		};
/* End PBXProject section */

/* Begin PBXResourcesBuildPhase section */
		6B03FB541AE723FB00F38CDE /* Resources */ = {
			isa = PBXResourcesBuildPhase;
			buildActionMask = 2147483647;
			files = (
				6B03FB651AE723FB00F38CDE /* Main.storyboard in Resources */,
				6B03FB6A1AE723FB00F38CDE /* LaunchScreen.xib in Resources */,
				6B03FB671AE723FB00F38CDE /* Images.xcassets in Resources */,
			);
			runOnlyForDeploymentPostprocessing = 0;
		};
		6B03FB6D1AE723FB00F38CDE /* Resources */ = {
			isa = PBXResourcesBuildPhase;
			buildActionMask = 2147483647;
			files = (
			);
			runOnlyForDeploymentPostprocessing = 0;
		};
/* End PBXResourcesBuildPhase section */

/* Begin PBXSourcesBuildPhase section */
		6B03FB521AE723FB00F38CDE /* Sources */ = {
			isa = PBXSourcesBuildPhase;
			buildActionMask = 2147483647;
			files = (
				6B03FB621AE723FB00F38CDE /* BNAMainViewController.m in Sources */,
				6B03FB5F1AE723FB00F38CDE /* AppDelegate.m in Sources */,
				6BAA21F81AEB321B006A8789 /* KeypadViewController.m in Sources */,
				6BD192BC1AECCEB60047AC0A /* BNAPickerViewController.m in Sources */,
				6B03FB5C1AE723FB00F38CDE /* main.m in Sources */,
			);
			runOnlyForDeploymentPostprocessing = 0;
		};
		6B03FB6B1AE723FB00F38CDE /* Sources */ = {
			isa = PBXSourcesBuildPhase;
			buildActionMask = 2147483647;
			files = (
				6B03FB761AE723FC00F38CDE /* ButtonNumberAppTests.m in Sources */,
			);
			runOnlyForDeploymentPostprocessing = 0;
		};
/* End PBXSourcesBuildPhase section */

/* Begin PBXTargetDependency section */
		6B03FB711AE723FB00F38CDE /* PBXTargetDependency */ = {
			isa = PBXTargetDependency;
			target = 6B03FB551AE723FB00F38CDE /* ButtonNumberApp */;
			targetProxy = 6B03FB701AE723FB00F38CDE /* PBXContainerItemProxy */;
		};
/* End PBXTargetDependency section */

/* Begin PBXVariantGroup section */
		6B03FB631AE723FB00F38CDE /* Main.storyboard */ = {
			isa = PBXVariantGroup;
			children = (
				6B03FB641AE723FB00F38CDE /* Base */,
			);
			name = Main.storyboard;
			sourceTree = "<group>";
		};
		6B03FB681AE723FB00F38CDE /* LaunchScreen.xib */ = {
			isa = PBXVariantGroup;
			children = (
				6B03FB691AE723FB00F38CDE /* Base */,
			);
			name = LaunchScreen.xib;
			sourceTree = "<group>";
		};
/* End PBXVariantGroup section */

/* Begin XCBuildConfiguration section */
		6B03FB771AE723FC00F38CDE /* Debug */ = {
			isa = XCBuildConfiguration;
			buildSettings = {
				ALWAYS_SEARCH_USER_PATHS = NO;
				CLANG_CXX_LANGUAGE_STANDARD = "gnu++0x";
				CLANG_CXX_LIBRARY = "libc++";
				CLANG_ENABLE_MODULES = YES;
				CLANG_ENABLE_OBJC_ARC = YES;
				CLANG_WARN_BOOL_CONVERSION = YES;
				CLANG_WARN_CONSTANT_CONVERSION = YES;
				CLANG_WARN_DIRECT_OBJC_ISA_USAGE = YES_ERROR;
				CLANG_WARN_EMPTY_BODY = YES;
				CLANG_WARN_ENUM_CONVERSION = YES;
				CLANG_WARN_INT_CONVERSION = YES;
				CLANG_WARN_OBJC_ROOT_CLASS = YES_ERROR;
				CLANG_WARN_UNREACHABLE_CODE = YES;
				CLANG_WARN__DUPLICATE_METHOD_MATCH = YES;
				"CODE_SIGN_IDENTITY[sdk=iphoneos*]" = "iPhone Developer";
				COPY_PHASE_STRIP = NO;
				DEBUG_INFORMATION_FORMAT = "dwarf-with-dsym";
				ENABLE_STRICT_OBJC_MSGSEND = YES;
				GCC_C_LANGUAGE_STANDARD = gnu99;
				GCC_DYNAMIC_NO_PIC = NO;
				GCC_NO_COMMON_BLOCKS = YES;
				GCC_OPTIMIZATION_LEVEL = 0;
				GCC_PREPROCESSOR_DEFINITIONS = (
					"DEBUG=1",
					"$(inherited)",
				);
				GCC_SYMBOLS_PRIVATE_EXTERN = NO;
				GCC_WARN_64_TO_32_BIT_CONVERSION = YES;
				GCC_WARN_ABOUT_RETURN_TYPE = YES_ERROR;
				GCC_WARN_UNDECLARED_SELECTOR = YES;
				GCC_WARN_UNINITIALIZED_AUTOS = YES_AGGRESSIVE;
				GCC_WARN_UNUSED_FUNCTION = YES;
				GCC_WARN_UNUSED_VARIABLE = YES;
				IPHONEOS_DEPLOYMENT_TARGET = 8.3;
				MTL_ENABLE_DEBUG_INFO = YES;
				ONLY_ACTIVE_ARCH = YES;
				SDKROOT = iphoneos;
				TARGETED_DEVICE_FAMILY = "1,2";
			};
			name = Debug;
		};
		6B03FB781AE723FC00F38CDE /* Release */ = {
			isa = XCBuildConfiguration;
			buildSettings = {
				ALWAYS_SEARCH_USER_PATHS = NO;
				CLANG_CXX_LANGUAGE_STANDARD = "gnu++0x";
				CLANG_CXX_LIBRARY = "libc++";
				CLANG_ENABLE_MODULES = YES;
				CLANG_ENABLE_OBJC_ARC = YES;
				CLANG_WARN_BOOL_CONVERSION = YES;
				CLANG_WARN_CONSTANT_CONVERSION = YES;
				CLANG_WARN_DIRECT_OBJC_ISA_USAGE = YES_ERROR;
				CLANG_WARN_EMPTY_BODY = YES;
				CLANG_WARN_ENUM_CONVERSION = YES;
				CLANG_WARN_INT_CONVERSION = YES;
				CLANG_WARN_OBJC_ROOT_CLASS = YES_ERROR;
				CLANG_WARN_UNREACHABLE_CODE = YES;
				CLANG_WARN__DUPLICATE_METHOD_MATCH = YES;
				"CODE_SIGN_IDENTITY[sdk=iphoneos*]" = "iPhone Developer";
				COPY_PHASE_STRIP = NO;
				DEBUG_INFORMATION_FORMAT = "dwarf-with-dsym";
				ENABLE_NS_ASSERTIONS = NO;
				ENABLE_STRICT_OBJC_MSGSEND = YES;
				GCC_C_LANGUAGE_STANDARD = gnu99;
				GCC_NO_COMMON_BLOCKS = YES;
				GCC_WARN_64_TO_32_BIT_CONVERSION = YES;
				GCC_WARN_ABOUT_RETURN_TYPE = YES_ERROR;
				GCC_WARN_UNDECLARED_SELECTOR = YES;
				GCC_WARN_UNINITIALIZED_AUTOS = YES_AGGRESSIVE;
				GCC_WARN_UNUSED_FUNCTION = YES;
				GCC_WARN_UNUSED_VARIABLE = YES;
				IPHONEOS_DEPLOYMENT_TARGET = 8.3;
				MTL_ENABLE_DEBUG_INFO = NO;
				SDKROOT = iphoneos;
				TARGETED_DEVICE_FAMILY = "1,2";
				VALIDATE_PRODUCT = YES;
			};
			name = Release;
		};
		6B03FB7A1AE723FC00F38CDE /* Debug */ = {
			isa = XCBuildConfiguration;
			buildSettings = {
				ASSETCATALOG_COMPILER_APPICON_NAME = AppIcon;
				INFOPLIST_FILE = ButtonNumberApp/Info.plist;
				LD_RUNPATH_SEARCH_PATHS = "$(inherited) @executable_path/Frameworks";
				PRODUCT_NAME = "$(TARGET_NAME)";
			};
			name = Debug;
		};
		6B03FB7B1AE723FC00F38CDE /* Release */ = {
			isa = XCBuildConfiguration;
			buildSettings = {
				ASSETCATALOG_COMPILER_APPICON_NAME = AppIcon;
				INFOPLIST_FILE = ButtonNumberApp/Info.plist;
				LD_RUNPATH_SEARCH_PATHS = "$(inherited) @executable_path/Frameworks";
				PRODUCT_NAME = "$(TARGET_NAME)";
			};
			name = Release;
		};
		6B03FB7D1AE723FC00F38CDE /* Debug */ = {
			isa = XCBuildConfiguration;
			buildSettings = {
				BUNDLE_LOADER = "$(TEST_HOST)";
				FRAMEWORK_SEARCH_PATHS = (
					"$(SDKROOT)/Developer/Library/Frameworks",
					"$(inherited)",
				);
				GCC_PREPROCESSOR_DEFINITIONS = (
					"DEBUG=1",
					"$(inherited)",
				);
				INFOPLIST_FILE = ButtonNumberAppTests/Info.plist;
				LD_RUNPATH_SEARCH_PATHS = "$(inherited) @executable_path/Frameworks @loader_path/Frameworks";
				PRODUCT_NAME = "$(TARGET_NAME)";
				TEST_HOST = "$(BUILT_PRODUCTS_DIR)/ButtonNumberApp.app/ButtonNumberApp";
			};
			name = Debug;
		};
		6B03FB7E1AE723FC00F38CDE /* Release */ = {
			isa = XCBuildConfiguration;
			buildSettings = {
				BUNDLE_LOADER = "$(TEST_HOST)";
				FRAMEWORK_SEARCH_PATHS = (
					"$(SDKROOT)/Developer/Library/Frameworks",
					"$(inherited)",
				);
				INFOPLIST_FILE = ButtonNumberAppTests/Info.plist;
				LD_RUNPATH_SEARCH_PATHS = "$(inherited) @executable_path/Frameworks @loader_path/Frameworks";
				PRODUCT_NAME = "$(TARGET_NAME)";
				TEST_HOST = "$(BUILT_PRODUCTS_DIR)/ButtonNumberApp.app/ButtonNumberApp";
			};
			name = Release;
		};
/* End XCBuildConfiguration section */

/* Begin XCConfigurationList section */
		6B03FB511AE723FB00F38CDE /* Build configuration list for PBXProject "ButtonNumberApp" */ = {
			isa = XCConfigurationList;
			buildConfigurations = (
				6B03FB771AE723FC00F38CDE /* Debug */,
				6B03FB781AE723FC00F38CDE /* Release */,
			);
			defaultConfigurationIsVisible = 0;
			defaultConfigurationName = Release;
		};
		6B03FB791AE723FC00F38CDE /* Build configuration list for PBXNativeTarget "ButtonNumberApp" */ = {
			isa = XCConfigurationList;
			buildConfigurations = (
				6B03FB7A1AE723FC00F38CDE /* Debug */,
				6B03FB7B1AE723FC00F38CDE /* Release */,
			);
			defaultConfigurationIsVisible = 0;
			defaultConfigurationName = Release;
		};
		6B03FB7C1AE723FC00F38CDE /* Build configuration list for PBXNativeTarget "ButtonNumberAppTests" */ = {
			isa = XCConfigurationList;
			buildConfigurations = (
				6B03FB7D1AE723FC00F38CDE /* Debug */,
				6B03FB7E1AE723FC00F38CDE /* Release */,
			);
			defaultConfigurationIsVisible = 0;
			defaultConfigurationName = Release;
		};
/* End XCConfigurationList section */
	};
	rootObject = 6B03FB4E1AE723FB00F38CDE /* Project object */;
}
